// !$*UTF8*$!
{
	archiveVersion = 1;
	classes = {
	};
	objectVersion = 70;
	objects = {

/* Begin PBXBuildFile section */
		963120452C973EC40084EBA7 /* AutoclickerApp.swift in Sources */ = {isa = PBXBuildFile; fileRef = 963120442C973EC40084EBA7 /* AutoclickerApp.swift */; };
		963120472C973EC40084EBA7 /* ContentView.swift in Sources */ = {isa = PBXBuildFile; fileRef = 963120462C973EC40084EBA7 /* ContentView.swift */; };
		963120492C973EC60084EBA7 /* Assets.xcassets in Resources */ = {isa = PBXBuildFile; fileRef = 963120482C973EC60084EBA7 /* Assets.xcassets */; };
		9631204C2C973EC60084EBA7 /* Preview Assets.xcassets in Resources */ = {isa = PBXBuildFile; fileRef = 9631204B2C973EC60084EBA7 /* Preview Assets.xcassets */; };
		9651EA952C994CC0004A3D0E /* Autoclick.swift in Sources */ = {isa = PBXBuildFile; fileRef = 9651EA942C994CC0004A3D0E /* Autoclick.swift */; };
		96850C9D2CA3373B00E74BF8 /* Controls.swift in Sources */ = {isa = PBXBuildFile; fileRef = 96850C9C2CA3373B00E74BF8 /* Controls.swift */; };
		96B0C0A62CD0D03B007550CA /* KeyHandler.swift in Sources */ = {isa = PBXBuildFile; fileRef = 96B0C0A52CD0D03B007550CA /* KeyHandler.swift */; };
		96FF1C802CDBDBD100E9B8AB /* AutoSave.swift in Sources */ = {isa = PBXBuildFile; fileRef = 96FF1C7F2CDBDBD100E9B8AB /* AutoSave.swift */; };
/* End PBXBuildFile section */

/* Begin PBXFileReference section */
		963120412C973EC40084EBA7 /* Autoclicker.app */ = {isa = PBXFileReference; explicitFileType = wrapper.application; includeInIndex = 0; path = Autoclicker.app; sourceTree = BUILT_PRODUCTS_DIR; };
		963120442C973EC40084EBA7 /* AutoclickerApp.swift */ = {isa = PBXFileReference; lastKnownFileType = sourcecode.swift; path = AutoclickerApp.swift; sourceTree = "<group>"; };
		963120462C973EC40084EBA7 /* ContentView.swift */ = {isa = PBXFileReference; lastKnownFileType = sourcecode.swift; path = ContentView.swift; sourceTree = "<group>"; };
		963120482C973EC60084EBA7 /* Assets.xcassets */ = {isa = PBXFileReference; lastKnownFileType = folder.assetcatalog; path = Assets.xcassets; sourceTree = "<group>"; };
		9631204B2C973EC60084EBA7 /* Preview Assets.xcassets */ = {isa = PBXFileReference; lastKnownFileType = folder.assetcatalog; path = "Preview Assets.xcassets"; sourceTree = "<group>"; };
		9631204D2C973EC60084EBA7 /* Autoclicker.entitlements */ = {isa = PBXFileReference; lastKnownFileType = text.plist.entitlements; path = Autoclicker.entitlements; sourceTree = "<group>"; };
		9651EA942C994CC0004A3D0E /* Autoclick.swift */ = {isa = PBXFileReference; lastKnownFileType = sourcecode.swift; path = Autoclick.swift; sourceTree = "<group>"; };
		96850C9C2CA3373B00E74BF8 /* Controls.swift */ = {isa = PBXFileReference; lastKnownFileType = sourcecode.swift; path = Controls.swift; sourceTree = "<group>"; };
		96B0C0A52CD0D03B007550CA /* KeyHandler.swift */ = {isa = PBXFileReference; lastKnownFileType = sourcecode.swift; path = KeyHandler.swift; sourceTree = "<group>"; };
		96FF1C7F2CDBDBD100E9B8AB /* AutoSave.swift */ = {isa = PBXFileReference; lastKnownFileType = sourcecode.swift; path = AutoSave.swift; sourceTree = "<group>"; };
/* End PBXFileReference section */

/* Begin PBXFileSystemSynchronizedBuildFileExceptionSet section */
		96D98BBF2CA717F00094D168 /* PBXFileSystemSynchronizedBuildFileExceptionSet */ = {
			isa = PBXFileSystemSynchronizedBuildFileExceptionSet;
			membershipExceptions = (
				ControlsView.swift,
				KeyClickerView.swift,
				TabMenu.swift,
			);
			target = 963120402C973EC40084EBA7 /* Autoclicker */;
		};
/* End PBXFileSystemSynchronizedBuildFileExceptionSet section */

/* Begin PBXFileSystemSynchronizedRootGroup section */
		96D98BBE2CA717D20094D168 /* Views */ = {isa = PBXFileSystemSynchronizedRootGroup; exceptions = (96D98BBF2CA717F00094D168 /* PBXFileSystemSynchronizedBuildFileExceptionSet */, ); explicitFileTypes = {}; explicitFolders = (); path = Views; sourceTree = "<group>"; };
/* End PBXFileSystemSynchronizedRootGroup section */

/* Begin PBXFrameworksBuildPhase section */
		9631203E2C973EC40084EBA7 /* Frameworks */ = {
			isa = PBXFrameworksBuildPhase;
			buildActionMask = 2147483647;
			files = (
			);
			runOnlyForDeploymentPostprocessing = 0;
		};
/* End PBXFrameworksBuildPhase section */

/* Begin PBXGroup section */
		963120382C973EC40084EBA7 = {
			isa = PBXGroup;
			children = (
				963120432C973EC40084EBA7 /* Autoclicker */,
				963120422C973EC40084EBA7 /* Products */,
			);
			sourceTree = "<group>";
		};
		963120422C973EC40084EBA7 /* Products */ = {
			isa = PBXGroup;
			children = (
				963120412C973EC40084EBA7 /* Autoclicker.app */,
			);
			name = Products;
			sourceTree = "<group>";
		};
		963120432C973EC40084EBA7 /* Autoclicker */ = {
			isa = PBXGroup;
			children = (
				96D98BBE2CA717D20094D168 /* Views */,
				9651EA942C994CC0004A3D0E /* Autoclick.swift */,
				963120442C973EC40084EBA7 /* AutoclickerApp.swift */,
				963120462C973EC40084EBA7 /* ContentView.swift */,
				96FF1C7F2CDBDBD100E9B8AB /* AutoSave.swift */,
				96B0C0A52CD0D03B007550CA /* KeyHandler.swift */,
				96850C9C2CA3373B00E74BF8 /* Controls.swift */,
				963120482C973EC60084EBA7 /* Assets.xcassets */,
				9631204D2C973EC60084EBA7 /* Autoclicker.entitlements */,
				9631204A2C973EC60084EBA7 /* Preview Content */,
			);
			path = Autoclicker;
			sourceTree = "<group>";
		};
		9631204A2C973EC60084EBA7 /* Preview Content */ = {
			isa = PBXGroup;
			children = (
				9631204B2C973EC60084EBA7 /* Preview Assets.xcassets */,
			);
			path = "Preview Content";
			sourceTree = "<group>";
		};
/* End PBXGroup section */

/* Begin PBXNativeTarget section */
		963120402C973EC40084EBA7 /* Autoclicker */ = {
			isa = PBXNativeTarget;
			buildConfigurationList = 963120502C973EC60084EBA7 /* Build configuration list for PBXNativeTarget "Autoclicker" */;
			buildPhases = (
				9631203D2C973EC40084EBA7 /* Sources */,
				9631203E2C973EC40084EBA7 /* Frameworks */,
				9631203F2C973EC40084EBA7 /* Resources */,
			);
			buildRules = (
			);
			dependencies = (
			);
			name = Autoclicker;
			productName = Autoclicker;
			productReference = 963120412C973EC40084EBA7 /* Autoclicker.app */;
			productType = "com.apple.product-type.application";
		};
/* End PBXNativeTarget section */

/* Begin PBXProject section */
		963120392C973EC40084EBA7 /* Project object */ = {
			isa = PBXProject;
			attributes = {
				BuildIndependentTargetsInParallel = 1;
				LastSwiftUpdateCheck = 1540;
				LastUpgradeCheck = 1600;
				TargetAttributes = {
					963120402C973EC40084EBA7 = {
						CreatedOnToolsVersion = 15.4;
						LastSwiftMigration = 1610;
					};
				};
			};
			buildConfigurationList = 9631203C2C973EC40084EBA7 /* Build configuration list for PBXProject "Autoclicker" */;
			compatibilityVersion = "Xcode 14.0";
			developmentRegion = en;
			hasScannedForEncodings = 0;
			knownRegions = (
				en,
				Base,
			);
			mainGroup = 963120382C973EC40084EBA7;
			productRefGroup = 963120422C973EC40084EBA7 /* Products */;
			projectDirPath = "";
			projectRoot = "";
			targets = (
				963120402C973EC40084EBA7 /* Autoclicker */,
			);
		};
/* End PBXProject section */

/* Begin PBXResourcesBuildPhase section */
		9631203F2C973EC40084EBA7 /* Resources */ = {
			isa = PBXResourcesBuildPhase;
			buildActionMask = 2147483647;
			files = (
				9631204C2C973EC60084EBA7 /* Preview Assets.xcassets in Resources */,
				963120492C973EC60084EBA7 /* Assets.xcassets in Resources */,
			);
			runOnlyForDeploymentPostprocessing = 0;
		};
/* End PBXResourcesBuildPhase section */

/* Begin PBXSourcesBuildPhase section */
		9631203D2C973EC40084EBA7 /* Sources */ = {
			isa = PBXSourcesBuildPhase;
			buildActionMask = 2147483647;
			files = (
				96850C9D2CA3373B00E74BF8 /* Controls.swift in Sources */,
				96FF1C802CDBDBD100E9B8AB /* AutoSave.swift in Sources */,
				96B0C0A62CD0D03B007550CA /* KeyHandler.swift in Sources */,
				9651EA952C994CC0004A3D0E /* Autoclick.swift in Sources */,
				963120472C973EC40084EBA7 /* ContentView.swift in Sources */,
				963120452C973EC40084EBA7 /* AutoclickerApp.swift in Sources */,
			);
			runOnlyForDeploymentPostprocessing = 0;
		};
/* End PBXSourcesBuildPhase section */

/* Begin XCBuildConfiguration section */
		9631204E2C973EC60084EBA7 /* Debug */ = {
			isa = XCBuildConfiguration;
			buildSettings = {
				ALWAYS_SEARCH_USER_PATHS = NO;
				ASSETCATALOG_COMPILER_GENERATE_SWIFT_ASSET_SYMBOL_EXTENSIONS = YES;
				CLANG_ANALYZER_NONNULL = YES;
				CLANG_ANALYZER_NUMBER_OBJECT_CONVERSION = YES_AGGRESSIVE;
				CLANG_CXX_LANGUAGE_STANDARD = "gnu++20";
				CLANG_ENABLE_MODULES = YES;
				CLANG_ENABLE_OBJC_ARC = YES;
				CLANG_ENABLE_OBJC_WEAK = YES;
				CLANG_WARN_BLOCK_CAPTURE_AUTORELEASING = YES;
				CLANG_WARN_BOOL_CONVERSION = YES;
				CLANG_WARN_COMMA = YES;
				CLANG_WARN_CONSTANT_CONVERSION = YES;
				CLANG_WARN_DEPRECATED_OBJC_IMPLEMENTATIONS = YES;
				CLANG_WARN_DIRECT_OBJC_ISA_USAGE = YES_ERROR;
				CLANG_WARN_DOCUMENTATION_COMMENTS = YES;
				CLANG_WARN_EMPTY_BODY = YES;
				CLANG_WARN_ENUM_CONVERSION = YES;
				CLANG_WARN_INFINITE_RECURSION = YES;
				CLANG_WARN_INT_CONVERSION = YES;
				CLANG_WARN_NON_LITERAL_NULL_CONVERSION = YES;
				CLANG_WARN_OBJC_IMPLICIT_RETAIN_SELF = YES;
				CLANG_WARN_OBJC_LITERAL_CONVERSION = YES;
				CLANG_WARN_OBJC_ROOT_CLASS = YES_ERROR;
				CLANG_WARN_QUOTED_INCLUDE_IN_FRAMEWORK_HEADER = YES;
				CLANG_WARN_RANGE_LOOP_ANALYSIS = YES;
				CLANG_WARN_STRICT_PROTOTYPES = YES;
				CLANG_WARN_SUSPICIOUS_MOVE = YES;
				CLANG_WARN_UNGUARDED_AVAILABILITY = YES_AGGRESSIVE;
				CLANG_WARN_UNREACHABLE_CODE = YES;
				CLANG_WARN__DUPLICATE_METHOD_MATCH = YES;
				COPY_PHASE_STRIP = NO;
				DEAD_CODE_STRIPPING = YES;
				DEBUG_INFORMATION_FORMAT = dwarf;
				ENABLE_STRICT_OBJC_MSGSEND = YES;
				ENABLE_TESTABILITY = YES;
				ENABLE_USER_SCRIPT_SANDBOXING = YES;
				GCC_C_LANGUAGE_STANDARD = gnu17;
				GCC_DYNAMIC_NO_PIC = NO;
				GCC_NO_COMMON_BLOCKS = YES;
				GCC_OPTIMIZATION_LEVEL = 0;
				GCC_PREPROCESSOR_DEFINITIONS = (
					"DEBUG=1",
					"$(inherited)",
				);
				GCC_WARN_64_TO_32_BIT_CONVERSION = YES;
				GCC_WARN_ABOUT_RETURN_TYPE = YES_ERROR;
				GCC_WARN_UNDECLARED_SELECTOR = YES;
				GCC_WARN_UNINITIALIZED_AUTOS = YES_AGGRESSIVE;
				GCC_WARN_UNUSED_FUNCTION = YES;
				GCC_WARN_UNUSED_VARIABLE = YES;
				LOCALIZATION_PREFERS_STRING_CATALOGS = YES;
				MACOSX_DEPLOYMENT_TARGET = 14.5;
				MTL_ENABLE_DEBUG_INFO = INCLUDE_SOURCE;
				MTL_FAST_MATH = YES;
				ONLY_ACTIVE_ARCH = YES;
				SDKROOT = macosx;
				SWIFT_ACTIVE_COMPILATION_CONDITIONS = "DEBUG $(inherited)";
				SWIFT_OPTIMIZATION_LEVEL = "-Onone";
			};
			name = Debug;
		};
		9631204F2C973EC60084EBA7 /* Release */ = {
			isa = XCBuildConfiguration;
			buildSettings = {
				ALWAYS_SEARCH_USER_PATHS = NO;
				ASSETCATALOG_COMPILER_GENERATE_SWIFT_ASSET_SYMBOL_EXTENSIONS = YES;
				CLANG_ANALYZER_NONNULL = YES;
				CLANG_ANALYZER_NUMBER_OBJECT_CONVERSION = YES_AGGRESSIVE;
				CLANG_CXX_LANGUAGE_STANDARD = "gnu++20";
				CLANG_ENABLE_MODULES = YES;
				CLANG_ENABLE_OBJC_ARC = YES;
				CLANG_ENABLE_OBJC_WEAK = YES;
				CLANG_WARN_BLOCK_CAPTURE_AUTORELEASING = YES;
				CLANG_WARN_BOOL_CONVERSION = YES;
				CLANG_WARN_COMMA = YES;
				CLANG_WARN_CONSTANT_CONVERSION = YES;
				CLANG_WARN_DEPRECATED_OBJC_IMPLEMENTATIONS = YES;
				CLANG_WARN_DIRECT_OBJC_ISA_USAGE = YES_ERROR;
				CLANG_WARN_DOCUMENTATION_COMMENTS = YES;
				CLANG_WARN_EMPTY_BODY = YES;
				CLANG_WARN_ENUM_CONVERSION = YES;
				CLANG_WARN_INFINITE_RECURSION = YES;
				CLANG_WARN_INT_CONVERSION = YES;
				CLANG_WARN_NON_LITERAL_NULL_CONVERSION = YES;
				CLANG_WARN_OBJC_IMPLICIT_RETAIN_SELF = YES;
				CLANG_WARN_OBJC_LITERAL_CONVERSION = YES;
				CLANG_WARN_OBJC_ROOT_CLASS = YES_ERROR;
				CLANG_WARN_QUOTED_INCLUDE_IN_FRAMEWORK_HEADER = YES;
				CLANG_WARN_RANGE_LOOP_ANALYSIS = YES;
				CLANG_WARN_STRICT_PROTOTYPES = YES;
				CLANG_WARN_SUSPICIOUS_MOVE = YES;
				CLANG_WARN_UNGUARDED_AVAILABILITY = YES_AGGRESSIVE;
				CLANG_WARN_UNREACHABLE_CODE = YES;
				CLANG_WARN__DUPLICATE_METHOD_MATCH = YES;
				COPY_PHASE_STRIP = NO;
				DEAD_CODE_STRIPPING = YES;
				DEBUG_INFORMATION_FORMAT = "dwarf-with-dsym";
				ENABLE_NS_ASSERTIONS = NO;
				ENABLE_STRICT_OBJC_MSGSEND = YES;
				ENABLE_USER_SCRIPT_SANDBOXING = YES;
				GCC_C_LANGUAGE_STANDARD = gnu17;
				GCC_NO_COMMON_BLOCKS = YES;
				GCC_WARN_64_TO_32_BIT_CONVERSION = YES;
				GCC_WARN_ABOUT_RETURN_TYPE = YES_ERROR;
				GCC_WARN_UNDECLARED_SELECTOR = YES;
				GCC_WARN_UNINITIALIZED_AUTOS = YES_AGGRESSIVE;
				GCC_WARN_UNUSED_FUNCTION = YES;
				GCC_WARN_UNUSED_VARIABLE = YES;
				LOCALIZATION_PREFERS_STRING_CATALOGS = YES;
				MACOSX_DEPLOYMENT_TARGET = 14.5;
				MTL_ENABLE_DEBUG_INFO = NO;
				MTL_FAST_MATH = YES;
				SDKROOT = macosx;
				SWIFT_COMPILATION_MODE = wholemodule;
			};
			name = Release;
		};
		963120512C973EC60084EBA7 /* Debug */ = {
			isa = XCBuildConfiguration;
			buildSettings = {
				ASSETCATALOG_COMPILER_APPICON_NAME = AppIcon;
				ASSETCATALOG_COMPILER_GLOBAL_ACCENT_COLOR_NAME = AccentColor;
				CLANG_ENABLE_MODULES = YES;
				CODE_SIGN_ENTITLEMENTS = Autoclicker/Autoclicker.entitlements;
				CODE_SIGN_STYLE = Automatic;
				COMBINE_HIDPI_IMAGES = YES;
				CURRENT_PROJECT_VERSION = 1;
				DEAD_CODE_STRIPPING = YES;
				DEVELOPMENT_ASSET_PATHS = "\"Autoclicker/Preview Content\"";
				DEVELOPMENT_TEAM = 4RT7KJ7SJR;
				ENABLE_PREVIEWS = YES;
				GENERATE_INFOPLIST_FILE = YES;
				INFOPLIST_FILE = Autoclicker/Info.plist;
				INFOPLIST_KEY_LSApplicationCategoryType = "public.app-category.utilities";
				INFOPLIST_KEY_NSHumanReadableCopyright = "";
				LD_RUNPATH_SEARCH_PATHS = (
					"$(inherited)",
					"@executable_path/../Frameworks",
				);
				MARKETING_VERSION = 1.0;
				PRODUCT_BUNDLE_IDENTIFIER = com.vyacheslav.Autoclicker;
				PRODUCT_NAME = "$(TARGET_NAME)";
				SWIFT_EMIT_LOC_STRINGS = YES;
				SWIFT_OPTIMIZATION_LEVEL = "-Onone";
				SWIFT_VERSION = 5.0;
			};
			name = Debug;
		};
		963120522C973EC60084EBA7 /* Release */ = {
			isa = XCBuildConfiguration;
			buildSettings = {
				ASSETCATALOG_COMPILER_APPICON_NAME = AppIcon;
				ASSETCATALOG_COMPILER_GLOBAL_ACCENT_COLOR_NAME = AccentColor;
				CLANG_ENABLE_MODULES = YES;
				CODE_SIGN_ENTITLEMENTS = Autoclicker/Autoclicker.entitlements;
				CODE_SIGN_STYLE = Automatic;
				COMBINE_HIDPI_IMAGES = YES;
				CURRENT_PROJECT_VERSION = 1;
				DEAD_CODE_STRIPPING = YES;
				DEVELOPMENT_ASSET_PATHS = "\"Autoclicker/Preview Content\"";
				DEVELOPMENT_TEAM = 4RT7KJ7SJR;
				ENABLE_PREVIEWS = YES;
				GENERATE_INFOPLIST_FILE = YES;
				INFOPLIST_FILE = Autoclicker/Info.plist;
				INFOPLIST_KEY_LSApplicationCategoryType = "public.app-category.utilities";
				INFOPLIST_KEY_NSHumanReadableCopyright = "";
				LD_RUNPATH_SEARCH_PATHS = (
					"$(inherited)",
					"@executable_path/../Frameworks",
				);
				MARKETING_VERSION = 1.0;
				PRODUCT_BUNDLE_IDENTIFIER = com.vyacheslav.Autoclicker;
				PRODUCT_NAME = "$(TARGET_NAME)";
				SWIFT_EMIT_LOC_STRINGS = YES;
				SWIFT_VERSION = 5.0;
			};
			name = Release;
		};
/* End XCBuildConfiguration section */

/* Begin XCConfigurationList section */
		9631203C2C973EC40084EBA7 /* Build configuration list for PBXProject "Autoclicker" */ = {
			isa = XCConfigurationList;
			buildConfigurations = (
				9631204E2C973EC60084EBA7 /* Debug */,
				9631204F2C973EC60084EBA7 /* Release */,
			);
			defaultConfigurationIsVisible = 0;
			defaultConfigurationName = Release;
		};
		963120502C973EC60084EBA7 /* Build configuration list for PBXNativeTarget "Autoclicker" */ = {
			isa = XCConfigurationList;
			buildConfigurations = (
				963120512C973EC60084EBA7 /* Debug */,
				963120522C973EC60084EBA7 /* Release */,
			);
			defaultConfigurationIsVisible = 0;
			defaultConfigurationName = Release;
		};
/* End XCConfigurationList section */
	};
	rootObject = 963120392C973EC40084EBA7 /* Project object */;
}
